{
  "name": "andy",
  "version": "1.1.0",
  "lockfileVersion": 1,
  "requires": true,
  "dependencies": {
    "@lukekaalim/server": {
      "version": "3.0.1",
      "resolved": "https://registry.npmjs.org/@lukekaalim/server/-/server-3.0.1.tgz",
      "integrity": "sha512-yK+K+XaeZ2m3QH5iFRcJsDIDFGr3TWKyI98eRPkCPL5VCvZr7K/kKuKlVEoJVHNMgd89umVO20css0OMQtkXbw=="
    },
    "@lukekaalim/test": {
      "version": "5.0.0",
      "resolved": "https://registry.npmjs.org/@lukekaalim/test/-/test-5.0.0.tgz",
      "integrity": "sha512-MGWpQ8W6meu3EMXmz/in96jqYhk7QkcrBfZk7kiW5FpPhK/2874M4KCaAPMbvH83y84KI2QQXANk7qJ9tTf3ig==",
      "dev": true,
      "requires": {
        "tiny-ansi-colors": "0.0.4"
      }
    },
    "tiny-ansi-colors": {
      "version": "0.0.4",
      "resolved": "https://registry.npmjs.org/tiny-ansi-colors/-/tiny-ansi-colors-0.0.4.tgz",
      "integrity": "sha512-utpCcSRO2SOZ0Z82PLlaADCgxRl/vNg7i0RhiazZG2MIEtRGkJJV710Qs3nAZLYJUVWwDNykG+JEpLOHR3j7/A==",
      "dev": true
    }
  }
}
